
Microsoft Visual Studio Solution File, Format Version 12.00
# Visual Studio Version 17
VisualStudioVersion = 17.4.33213.308
MinimumVisualStudioVersion = 10.0.40219.1
Project("{FAE04EC0-301F-11D3-BF4B-00C04F79EFBC}") = "Exercicio_01", "Exercicio_01.csproj", "{0B30C7F6-72EC-41A1-8036-04C439B26BEF}"
EndProject
Global
	GlobalSection(SolutionConfigurationPlatforms) = preSolution
		Debug|Any CPU = Debug|Any CPU
		Release|Any CPU = Release|Any CPU
	EndGlobalSection
	GlobalSection(ProjectConfigurationPlatforms) = postSolution
		{0B30C7F6-72EC-41A1-8036-04C439B26BEF}.Debug|Any CPU.ActiveCfg = Debug|Any CPU
		{0B30C7F6-72EC-41A1-8036-04C439B26BEF}.Debug|Any CPU.Build.0 = Debug|Any CPU
		{0B30C7F6-72EC-41A1-8036-04C439B26BEF}.Release|Any CPU.ActiveCfg = Release|Any CPU
		{0B30C7F6-72EC-41A1-8036-04C439B26BEF}.Release|Any CPU.Build.0 = Release|Any CPU
	EndGlobalSection
	GlobalSection(SolutionProperties) = preSolution
		HideSolutionNode = FALSE
	EndGlobalSection
	GlobalSection(ExtensibilityGlobals) = postSolution
		SolutionGuid = {3C689D5B-169A-4F30-BD89-E1A43AD51A32}
	EndGlobalSection
EndGlobal
