
Microsoft Visual Studio Solution File, Format Version 12.00
# Visual Studio Version 17
VisualStudioVersion = 17.4.33213.308
MinimumVisualStudioVersion = 10.0.40219.1
Project("{FAE04EC0-301F-11D3-BF4B-00C04F79EFBC}") = "Exercicio_02", "Exercicio_02.csproj", "{D77B8F7C-EE5B-49BA-9F52-16F64DD6497A}"
EndProject
Global
	GlobalSection(SolutionConfigurationPlatforms) = preSolution
		Debug|Any CPU = Debug|Any CPU
		Release|Any CPU = Release|Any CPU
	EndGlobalSection
	GlobalSection(ProjectConfigurationPlatforms) = postSolution
		{D77B8F7C-EE5B-49BA-9F52-16F64DD6497A}.Debug|Any CPU.ActiveCfg = Debug|Any CPU
		{D77B8F7C-EE5B-49BA-9F52-16F64DD6497A}.Debug|Any CPU.Build.0 = Debug|Any CPU
		{D77B8F7C-EE5B-49BA-9F52-16F64DD6497A}.Release|Any CPU.ActiveCfg = Release|Any CPU
		{D77B8F7C-EE5B-49BA-9F52-16F64DD6497A}.Release|Any CPU.Build.0 = Release|Any CPU
	EndGlobalSection
	GlobalSection(SolutionProperties) = preSolution
		HideSolutionNode = FALSE
	EndGlobalSection
	GlobalSection(ExtensibilityGlobals) = postSolution
		SolutionGuid = {74865982-E9B0-4321-BD4B-BA7DE039A315}
	EndGlobalSection
EndGlobal
